// !$*UTF8*$!
{
	archiveVersion = 1;
	classes = {
	};
	objectVersion = 56;
	objects = {

/* Begin PBXBuildFile section */
		B53E959F2C9C6206003D89B1 /* Contact.swift in Sources */ = {isa = PBXBuildFile; fileRef = B53E959E2C9C61FF003D89B1 /* Contact.swift */; };
		B53E95A12C9C6E8A003D89B1 /* ProfileManagerProtocol.swift in Sources */ = {isa = PBXBuildFile; fileRef = B53E95A02C9C6E7F003D89B1 /* ProfileManagerProtocol.swift */; };
		B54ED3212C9C8EAA00B84954 /* FirebaseProfileManager.swift in Sources */ = {isa = PBXBuildFile; fileRef = B54ED3202C9C8E9D00B84954 /* FirebaseProfileManager.swift */; };
		B54ED3322CA301B400B84954 /* ContactRequest.swift in Sources */ = {isa = PBXBuildFile; fileRef = B54ED3312CA301B400B84954 /* ContactRequest.swift */; };
		B54ED3342CA6AF6900B84954 /* FirebaseContactManager.swift in Sources */ = {isa = PBXBuildFile; fileRef = B54ED3332CA6AF6900B84954 /* FirebaseContactManager.swift */; };
		B54ED3362CA6AF9900B84954 /* ContactManagerProtocol.swift in Sources */ = {isa = PBXBuildFile; fileRef = B54ED3352CA6AF9500B84954 /* ContactManagerProtocol.swift */; };
		B54ED33D2CB40ABB00B84954 /* FirebaseStorageManager.swift in Sources */ = {isa = PBXBuildFile; fileRef = B54ED33C2CB40ABB00B84954 /* FirebaseStorageManager.swift */; };
		B54ED3432CB8183F00B84954 /* ContactRelations.swift in Sources */ = {isa = PBXBuildFile; fileRef = B54ED3422CB8183400B84954 /* ContactRelations.swift */; };
		B5754AD72C8E25FF0010B5F5 /* GlobetrotterChatApp.swift in Sources */ = {isa = PBXBuildFile; fileRef = B5754AD62C8E25FF0010B5F5 /* GlobetrotterChatApp.swift */; };
		B5754AD92C8E25FF0010B5F5 /* AuthenticationView.swift in Sources */ = {isa = PBXBuildFile; fileRef = B5754AD82C8E25FF0010B5F5 /* AuthenticationView.swift */; };
		B5754ADB2C8E26000010B5F5 /* Assets.xcassets in Resources */ = {isa = PBXBuildFile; fileRef = B5754ADA2C8E26000010B5F5 /* Assets.xcassets */; };
		B5754ADE2C8E26000010B5F5 /* Preview Assets.xcassets in Resources */ = {isa = PBXBuildFile; fileRef = B5754ADD2C8E26000010B5F5 /* Preview Assets.xcassets */; };
		B5754AEB2C8E36870010B5F5 /* AuthServiceManager.swift in Sources */ = {isa = PBXBuildFile; fileRef = B5754AEA2C8E36870010B5F5 /* AuthServiceManager.swift */; };
		B5754AEE2C8E372B0010B5F5 /* FirebaseAuth in Frameworks */ = {isa = PBXBuildFile; productRef = B5754AED2C8E372B0010B5F5 /* FirebaseAuth */; };
		B5754AF02C8E372B0010B5F5 /* FirebaseAuthCombine-Community in Frameworks */ = {isa = PBXBuildFile; productRef = B5754AEF2C8E372B0010B5F5 /* FirebaseAuthCombine-Community */; };
		B5754AF22C8E372B0010B5F5 /* FirebaseDatabase in Frameworks */ = {isa = PBXBuildFile; productRef = B5754AF12C8E372B0010B5F5 /* FirebaseDatabase */; };
		B5754AF42C8E372B0010B5F5 /* FirebaseFirestore in Frameworks */ = {isa = PBXBuildFile; productRef = B5754AF32C8E372B0010B5F5 /* FirebaseFirestore */; };
		B5754AF62C8E372B0010B5F5 /* FirebaseFirestoreCombine-Community in Frameworks */ = {isa = PBXBuildFile; productRef = B5754AF52C8E372B0010B5F5 /* FirebaseFirestoreCombine-Community */; };
		B5754AF82C8E372B0010B5F5 /* FirebaseStorage in Frameworks */ = {isa = PBXBuildFile; productRef = B5754AF72C8E372B0010B5F5 /* FirebaseStorage */; };
		B5754AFA2C8E372B0010B5F5 /* FirebaseStorageCombine-Community in Frameworks */ = {isa = PBXBuildFile; productRef = B5754AF92C8E372B0010B5F5 /* FirebaseStorageCombine-Community */; };
		B5754AFC2C8E3A670010B5F5 /* GoogleService-Info.plist in Resources */ = {isa = PBXBuildFile; fileRef = B5754AFB2C8E3A670010B5F5 /* GoogleService-Info.plist */; };
		B5754AFE2C8E44220010B5F5 /* ProfileView.swift in Sources */ = {isa = PBXBuildFile; fileRef = B5754AFD2C8E44220010B5F5 /* ProfileView.swift */; };
		B5754B002C8E45240010B5F5 /* ProfileViewModel.swift in Sources */ = {isa = PBXBuildFile; fileRef = B5754AFF2C8E45240010B5F5 /* ProfileViewModel.swift */; };
		B583C4722C9445DF00D1E004 /* AuthViewModel.swift in Sources */ = {isa = PBXBuildFile; fileRef = B583C4712C9445DF00D1E004 /* AuthViewModel.swift */; };
		B583C4742C9453A200D1E004 /* ContactView.swift in Sources */ = {isa = PBXBuildFile; fileRef = B583C4732C9453A200D1E004 /* ContactView.swift */; };
		B583C4782C94576700D1E004 /* ChatGroupsView.swift in Sources */ = {isa = PBXBuildFile; fileRef = B583C4772C94576700D1E004 /* ChatGroupsView.swift */; };
		B583C47D2C945F3300D1E004 /* ContactViewModel.swift in Sources */ = {isa = PBXBuildFile; fileRef = B583C47C2C945F3300D1E004 /* ContactViewModel.swift */; };
		B583C47F2C945F4400D1E004 /* ChatGroupsViewModel.swift in Sources */ = {isa = PBXBuildFile; fileRef = B583C47E2C945F4400D1E004 /* ChatGroupsViewModel.swift */; };
		B583C49F2C957CA500D1E004 /* ContentView.swift in Sources */ = {isa = PBXBuildFile; fileRef = B583C49E2C957CA500D1E004 /* ContentView.swift */; };
		B583C4A52C98393C00D1E004 /* AuthManager.swift in Sources */ = {isa = PBXBuildFile; fileRef = B583C4A42C98393C00D1E004 /* AuthManager.swift */; };
		B5A31A6E2CBD3A1900271258 /* ChatGroup.swift in Sources */ = {isa = PBXBuildFile; fileRef = B5A31A6D2CBD3A1900271258 /* ChatGroup.swift */; };
		B5A31A702CBD3D1C00271258 /* Message.swift in Sources */ = {isa = PBXBuildFile; fileRef = B5A31A6F2CBD3D1100271258 /* Message.swift */; };
		B5A31A722CBD41D900271258 /* ChatGroupsManagerProtocol.swift in Sources */ = {isa = PBXBuildFile; fileRef = B5A31A712CBD41D900271258 /* ChatGroupsManagerProtocol.swift */; };
		B5A31A742CBD484000271258 /* FirebaseChatGroupsManager.swift in Sources */ = {isa = PBXBuildFile; fileRef = B5A31A732CBD484000271258 /* FirebaseChatGroupsManager.swift */; };
		B5A31A762CBD4BC600271258 /* MessagesManagerProtocol.swift in Sources */ = {isa = PBXBuildFile; fileRef = B5A31A752CBD4BC600271258 /* MessagesManagerProtocol.swift */; };
		B5A31A782CBD502400271258 /* FirebaseMessagesManager.swift in Sources */ = {isa = PBXBuildFile; fileRef = B5A31A772CBD502400271258 /* FirebaseMessagesManager.swift */; };
		B5A31A7C2CBE7D5400271258 /* ChatView.swift in Sources */ = {isa = PBXBuildFile; fileRef = B5A31A7B2CBE7D5400271258 /* ChatView.swift */; };
		B5A31A7E2CBE7D6C00271258 /* ChatViewModel.swift in Sources */ = {isa = PBXBuildFile; fileRef = B5A31A7D2CBE7D6C00271258 /* ChatViewModel.swift */; };
		B5A31A842CC2573300271258 /* AddChatGroupSheet.swift in Sources */ = {isa = PBXBuildFile; fileRef = B5A31A832CC2573200271258 /* AddChatGroupSheet.swift */; };
		B5A31A862CD11FF900271258 /* DeepLTranslationManager.swift in Sources */ = {isa = PBXBuildFile; fileRef = B5A31A852CD11FF900271258 /* DeepLTranslationManager.swift */; };
/* End PBXBuildFile section */

/* Begin PBXFileReference section */
		B53E959E2C9C61FF003D89B1 /* Contact.swift */ = {isa = PBXFileReference; lastKnownFileType = sourcecode.swift; path = Contact.swift; sourceTree = "<group>"; };
		B53E95A02C9C6E7F003D89B1 /* ProfileManagerProtocol.swift */ = {isa = PBXFileReference; lastKnownFileType = sourcecode.swift; path = ProfileManagerProtocol.swift; sourceTree = "<group>"; };
		B54ED3202C9C8E9D00B84954 /* FirebaseProfileManager.swift */ = {isa = PBXFileReference; lastKnownFileType = sourcecode.swift; path = FirebaseProfileManager.swift; sourceTree = "<group>"; };
		B54ED3312CA301B400B84954 /* ContactRequest.swift */ = {isa = PBXFileReference; lastKnownFileType = sourcecode.swift; path = ContactRequest.swift; sourceTree = "<group>"; };
		B54ED3332CA6AF6900B84954 /* FirebaseContactManager.swift */ = {isa = PBXFileReference; lastKnownFileType = sourcecode.swift; path = FirebaseContactManager.swift; sourceTree = "<group>"; };
		B54ED3352CA6AF9500B84954 /* ContactManagerProtocol.swift */ = {isa = PBXFileReference; lastKnownFileType = sourcecode.swift; path = ContactManagerProtocol.swift; sourceTree = "<group>"; };
		B54ED33C2CB40ABB00B84954 /* FirebaseStorageManager.swift */ = {isa = PBXFileReference; lastKnownFileType = sourcecode.swift; path = FirebaseStorageManager.swift; sourceTree = "<group>"; };
		B54ED3422CB8183400B84954 /* ContactRelations.swift */ = {isa = PBXFileReference; lastKnownFileType = sourcecode.swift; path = ContactRelations.swift; sourceTree = "<group>"; };
		B5754AD32C8E25FF0010B5F5 /* GlobetrotterChat.app */ = {isa = PBXFileReference; explicitFileType = wrapper.application; includeInIndex = 0; path = GlobetrotterChat.app; sourceTree = BUILT_PRODUCTS_DIR; };
		B5754AD62C8E25FF0010B5F5 /* GlobetrotterChatApp.swift */ = {isa = PBXFileReference; lastKnownFileType = sourcecode.swift; path = GlobetrotterChatApp.swift; sourceTree = "<group>"; };
		B5754AD82C8E25FF0010B5F5 /* AuthenticationView.swift */ = {isa = PBXFileReference; lastKnownFileType = sourcecode.swift; path = AuthenticationView.swift; sourceTree = "<group>"; };
		B5754ADA2C8E26000010B5F5 /* Assets.xcassets */ = {isa = PBXFileReference; lastKnownFileType = folder.assetcatalog; path = Assets.xcassets; sourceTree = "<group>"; };
		B5754ADD2C8E26000010B5F5 /* Preview Assets.xcassets */ = {isa = PBXFileReference; lastKnownFileType = folder.assetcatalog; path = "Preview Assets.xcassets"; sourceTree = "<group>"; };
		B5754AEA2C8E36870010B5F5 /* AuthServiceManager.swift */ = {isa = PBXFileReference; lastKnownFileType = sourcecode.swift; path = AuthServiceManager.swift; sourceTree = "<group>"; };
		B5754AFB2C8E3A670010B5F5 /* GoogleService-Info.plist */ = {isa = PBXFileReference; fileEncoding = 4; lastKnownFileType = text.plist.xml; path = "GoogleService-Info.plist"; sourceTree = "<group>"; };
		B5754AFD2C8E44220010B5F5 /* ProfileView.swift */ = {isa = PBXFileReference; lastKnownFileType = sourcecode.swift; path = ProfileView.swift; sourceTree = "<group>"; };
		B5754AFF2C8E45240010B5F5 /* ProfileViewModel.swift */ = {isa = PBXFileReference; lastKnownFileType = sourcecode.swift; path = ProfileViewModel.swift; sourceTree = "<group>"; };
		B583C4712C9445DF00D1E004 /* AuthViewModel.swift */ = {isa = PBXFileReference; lastKnownFileType = sourcecode.swift; path = AuthViewModel.swift; sourceTree = "<group>"; };
		B583C4732C9453A200D1E004 /* ContactView.swift */ = {isa = PBXFileReference; lastKnownFileType = sourcecode.swift; path = ContactView.swift; sourceTree = "<group>"; };
		B583C4772C94576700D1E004 /* ChatGroupsView.swift */ = {isa = PBXFileReference; lastKnownFileType = sourcecode.swift; path = ChatGroupsView.swift; sourceTree = "<group>"; };
		B583C47C2C945F3300D1E004 /* ContactViewModel.swift */ = {isa = PBXFileReference; lastKnownFileType = sourcecode.swift; path = ContactViewModel.swift; sourceTree = "<group>"; };
		B583C47E2C945F4400D1E004 /* ChatGroupsViewModel.swift */ = {isa = PBXFileReference; lastKnownFileType = sourcecode.swift; path = ChatGroupsViewModel.swift; sourceTree = "<group>"; };
		B583C49E2C957CA500D1E004 /* ContentView.swift */ = {isa = PBXFileReference; lastKnownFileType = sourcecode.swift; path = ContentView.swift; sourceTree = "<group>"; };
		B583C4A42C98393C00D1E004 /* AuthManager.swift */ = {isa = PBXFileReference; lastKnownFileType = sourcecode.swift; path = AuthManager.swift; sourceTree = "<group>"; };
		B5A31A6D2CBD3A1900271258 /* ChatGroup.swift */ = {isa = PBXFileReference; lastKnownFileType = sourcecode.swift; path = ChatGroup.swift; sourceTree = "<group>"; };
		B5A31A6F2CBD3D1100271258 /* Message.swift */ = {isa = PBXFileReference; lastKnownFileType = sourcecode.swift; path = Message.swift; sourceTree = "<group>"; };
		B5A31A712CBD41D900271258 /* ChatGroupsManagerProtocol.swift */ = {isa = PBXFileReference; lastKnownFileType = sourcecode.swift; path = ChatGroupsManagerProtocol.swift; sourceTree = "<group>"; };
		B5A31A732CBD484000271258 /* FirebaseChatGroupsManager.swift */ = {isa = PBXFileReference; lastKnownFileType = sourcecode.swift; path = FirebaseChatGroupsManager.swift; sourceTree = "<group>"; };
		B5A31A752CBD4BC600271258 /* MessagesManagerProtocol.swift */ = {isa = PBXFileReference; lastKnownFileType = sourcecode.swift; path = MessagesManagerProtocol.swift; sourceTree = "<group>"; };
		B5A31A772CBD502400271258 /* FirebaseMessagesManager.swift */ = {isa = PBXFileReference; lastKnownFileType = sourcecode.swift; path = FirebaseMessagesManager.swift; sourceTree = "<group>"; };
		B5A31A7B2CBE7D5400271258 /* ChatView.swift */ = {isa = PBXFileReference; lastKnownFileType = sourcecode.swift; path = ChatView.swift; sourceTree = "<group>"; };
		B5A31A7D2CBE7D6C00271258 /* ChatViewModel.swift */ = {isa = PBXFileReference; lastKnownFileType = sourcecode.swift; path = ChatViewModel.swift; sourceTree = "<group>"; };
		B5A31A832CC2573200271258 /* AddChatGroupSheet.swift */ = {isa = PBXFileReference; lastKnownFileType = sourcecode.swift; path = AddChatGroupSheet.swift; sourceTree = "<group>"; };
		B5A31A852CD11FF900271258 /* DeepLTranslationManager.swift */ = {isa = PBXFileReference; lastKnownFileType = sourcecode.swift; path = DeepLTranslationManager.swift; sourceTree = "<group>"; };
/* End PBXFileReference section */

/* Begin PBXFrameworksBuildPhase section */
		B5754AD02C8E25FF0010B5F5 /* Frameworks */ = {
			isa = PBXFrameworksBuildPhase;
			buildActionMask = 2147483647;
			files = (
				B5754AF22C8E372B0010B5F5 /* FirebaseDatabase in Frameworks */,
				B5754AFA2C8E372B0010B5F5 /* FirebaseStorageCombine-Community in Frameworks */,
				B5754AF42C8E372B0010B5F5 /* FirebaseFirestore in Frameworks */,
				B5754AEE2C8E372B0010B5F5 /* FirebaseAuth in Frameworks */,
				B5754AF62C8E372B0010B5F5 /* FirebaseFirestoreCombine-Community in Frameworks */,
				B5754AF02C8E372B0010B5F5 /* FirebaseAuthCombine-Community in Frameworks */,
				B5754AF82C8E372B0010B5F5 /* FirebaseStorage in Frameworks */,
			);
			runOnlyForDeploymentPostprocessing = 0;
		};
/* End PBXFrameworksBuildPhase section */

/* Begin PBXGroup section */
		B5754ACA2C8E25FF0010B5F5 = {
			isa = PBXGroup;
			children = (
				B5754AD52C8E25FF0010B5F5 /* GlobetrotterChat */,
				B5754AD42C8E25FF0010B5F5 /* Products */,
			);
			sourceTree = "<group>";
		};
		B5754AD42C8E25FF0010B5F5 /* Products */ = {
			isa = PBXGroup;
			children = (
				B5754AD32C8E25FF0010B5F5 /* GlobetrotterChat.app */,
			);
			name = Products;
			sourceTree = "<group>";
		};
		B5754AD52C8E25FF0010B5F5 /* GlobetrotterChat */ = {
			isa = PBXGroup;
			children = (
				B5754ADA2C8E26000010B5F5 /* Assets.xcassets */,
				B5754AD62C8E25FF0010B5F5 /* GlobetrotterChatApp.swift */,
				B583C49E2C957CA500D1E004 /* ContentView.swift */,
				B583C4792C945E4200D1E004 /* Landing */,
				B5754AE42C8E293B0010B5F5 /* Models */,
				B5754AE72C8E29AB0010B5F5 /* Manager */,
				B5754AE62C8E297D0010B5F5 /* ViewModels */,
				B5754AE52C8E29480010B5F5 /* Views */,
				B5754AE92C8E29CC0010B5F5 /* Resources */,
				B5754ADC2C8E26000010B5F5 /* Preview Content */,
			);
			path = GlobetrotterChat;
			sourceTree = "<group>";
		};
		B5754ADC2C8E26000010B5F5 /* Preview Content */ = {
			isa = PBXGroup;
			children = (
				B5754ADD2C8E26000010B5F5 /* Preview Assets.xcassets */,
			);
			path = "Preview Content";
			sourceTree = "<group>";
		};
		B5754AE42C8E293B0010B5F5 /* Models */ = {
			isa = PBXGroup;
			children = (
				B54ED3312CA301B400B84954 /* ContactRequest.swift */,
				B53E959E2C9C61FF003D89B1 /* Contact.swift */,
				B54ED3422CB8183400B84954 /* ContactRelations.swift */,
				B5A31A6D2CBD3A1900271258 /* ChatGroup.swift */,
				B5A31A6F2CBD3D1100271258 /* Message.swift */,
			);
			path = Models;
			sourceTree = "<group>";
		};
		B5754AE52C8E29480010B5F5 /* Views */ = {
			isa = PBXGroup;
			children = (
				B5754AFD2C8E44220010B5F5 /* ProfileView.swift */,
				B583C4732C9453A200D1E004 /* ContactView.swift */,
				B583C4772C94576700D1E004 /* ChatGroupsView.swift */,
				B5A31A7B2CBE7D5400271258 /* ChatView.swift */,
				B5A31A832CC2573200271258 /* AddChatGroupSheet.swift */,
			);
			path = Views;
			sourceTree = "<group>";
		};
		B5754AE62C8E297D0010B5F5 /* ViewModels */ = {
			isa = PBXGroup;
			children = (
				B5754AFF2C8E45240010B5F5 /* ProfileViewModel.swift */,
				B583C47C2C945F3300D1E004 /* ContactViewModel.swift */,
				B583C47E2C945F4400D1E004 /* ChatGroupsViewModel.swift */,
				B5A31A7D2CBE7D6C00271258 /* ChatViewModel.swift */,
			);
			path = ViewModels;
			sourceTree = "<group>";
		};
		B5754AE72C8E29AB0010B5F5 /* Manager */ = {
			isa = PBXGroup;
			children = (
				B54ED33C2CB40ABB00B84954 /* FirebaseStorageManager.swift */,
				B5A31A7F2CBE913700271258 /* Profile */,
				B5A31A802CBE914B00271258 /* Contact */,
				B5A31A812CBE916300271258 /* ChatGroups */,
				B5A31A822CBE918600271258 /* Messages */,
				B5A31A852CD11FF900271258 /* DeepLTranslationManager.swift */,
			);
			path = Manager;
			sourceTree = "<group>";
		};
		B5754AE82C8E29BD0010B5F5 /* Manager */ = {
			isa = PBXGroup;
			children = (
				B583C4A42C98393C00D1E004 /* AuthManager.swift */,
				B5754AEA2C8E36870010B5F5 /* AuthServiceManager.swift */,
			);
			path = Manager;
			sourceTree = "<group>";
		};
		B5754AE92C8E29CC0010B5F5 /* Resources */ = {
			isa = PBXGroup;
			children = (
				B5754AFB2C8E3A670010B5F5 /* GoogleService-Info.plist */,
			);
			path = Resources;
			sourceTree = "<group>";
		};
		B583C4792C945E4200D1E004 /* Landing */ = {
			isa = PBXGroup;
			children = (
				B583C4712C9445DF00D1E004 /* AuthViewModel.swift */,
				B5754AD82C8E25FF0010B5F5 /* AuthenticationView.swift */,
				B5754AE82C8E29BD0010B5F5 /* Manager */,
			);
			path = Landing;
			sourceTree = "<group>";
		};
		B5A31A7F2CBE913700271258 /* Profile */ = {
			isa = PBXGroup;
			children = (
				B53E95A02C9C6E7F003D89B1 /* ProfileManagerProtocol.swift */,
				B54ED3202C9C8E9D00B84954 /* FirebaseProfileManager.swift */,
			);
			path = Profile;
			sourceTree = "<group>";
		};
		B5A31A802CBE914B00271258 /* Contact */ = {
			isa = PBXGroup;
			children = (
				B54ED3352CA6AF9500B84954 /* ContactManagerProtocol.swift */,
				B54ED3332CA6AF6900B84954 /* FirebaseContactManager.swift */,
			);
			path = Contact;
			sourceTree = "<group>";
		};
		B5A31A812CBE916300271258 /* ChatGroups */ = {
			isa = PBXGroup;
			children = (
				B5A31A712CBD41D900271258 /* ChatGroupsManagerProtocol.swift */,
				B5A31A732CBD484000271258 /* FirebaseChatGroupsManager.swift */,
			);
			path = ChatGroups;
			sourceTree = "<group>";
		};
		B5A31A822CBE918600271258 /* Messages */ = {
			isa = PBXGroup;
			children = (
				B5A31A752CBD4BC600271258 /* MessagesManagerProtocol.swift */,
				B5A31A772CBD502400271258 /* FirebaseMessagesManager.swift */,
			);
			path = Messages;
			sourceTree = "<group>";
		};
/* End PBXGroup section */

/* Begin PBXNativeTarget section */
		B5754AD22C8E25FF0010B5F5 /* GlobetrotterChat */ = {
			isa = PBXNativeTarget;
			buildConfigurationList = B5754AE12C8E26000010B5F5 /* Build configuration list for PBXNativeTarget "GlobetrotterChat" */;
			buildPhases = (
				B5754ACF2C8E25FF0010B5F5 /* Sources */,
				B5754AD02C8E25FF0010B5F5 /* Frameworks */,
				B5754AD12C8E25FF0010B5F5 /* Resources */,
			);
			buildRules = (
			);
			dependencies = (
			);
			name = GlobetrotterChat;
			packageProductDependencies = (
				B5754AED2C8E372B0010B5F5 /* FirebaseAuth */,
				B5754AEF2C8E372B0010B5F5 /* FirebaseAuthCombine-Community */,
				B5754AF12C8E372B0010B5F5 /* FirebaseDatabase */,
				B5754AF32C8E372B0010B5F5 /* FirebaseFirestore */,
				B5754AF52C8E372B0010B5F5 /* FirebaseFirestoreCombine-Community */,
				B5754AF72C8E372B0010B5F5 /* FirebaseStorage */,
				B5754AF92C8E372B0010B5F5 /* FirebaseStorageCombine-Community */,
			);
			productName = GlobetrotterChat;
			productReference = B5754AD32C8E25FF0010B5F5 /* GlobetrotterChat.app */;
			productType = "com.apple.product-type.application";
		};
/* End PBXNativeTarget section */

/* Begin PBXProject section */
		B5754ACB2C8E25FF0010B5F5 /* Project object */ = {
			isa = PBXProject;
			attributes = {
				BuildIndependentTargetsInParallel = 1;
				LastSwiftUpdateCheck = 1540;
				LastUpgradeCheck = 1540;
				TargetAttributes = {
					B5754AD22C8E25FF0010B5F5 = {
						CreatedOnToolsVersion = 15.4;
					};
				};
			};
			buildConfigurationList = B5754ACE2C8E25FF0010B5F5 /* Build configuration list for PBXProject "GlobetrotterChat" */;
			compatibilityVersion = "Xcode 14.0";
			developmentRegion = en;
			hasScannedForEncodings = 0;
			knownRegions = (
				en,
				Base,
			);
			mainGroup = B5754ACA2C8E25FF0010B5F5;
			packageReferences = (
				B5754AEC2C8E372B0010B5F5 /* XCRemoteSwiftPackageReference "firebase-ios-sdk" */,
			);
			productRefGroup = B5754AD42C8E25FF0010B5F5 /* Products */;
			projectDirPath = "";
			projectRoot = "";
			targets = (
				B5754AD22C8E25FF0010B5F5 /* GlobetrotterChat */,
			);
		};
/* End PBXProject section */

/* Begin PBXResourcesBuildPhase section */
		B5754AD12C8E25FF0010B5F5 /* Resources */ = {
			isa = PBXResourcesBuildPhase;
			buildActionMask = 2147483647;
			files = (
				B5754ADE2C8E26000010B5F5 /* Preview Assets.xcassets in Resources */,
				B5754ADB2C8E26000010B5F5 /* Assets.xcassets in Resources */,
				B5754AFC2C8E3A670010B5F5 /* GoogleService-Info.plist in Resources */,
			);
			runOnlyForDeploymentPostprocessing = 0;
		};
/* End PBXResourcesBuildPhase section */

/* Begin PBXSourcesBuildPhase section */
		B5754ACF2C8E25FF0010B5F5 /* Sources */ = {
			isa = PBXSourcesBuildPhase;
			buildActionMask = 2147483647;
			files = (
				B5A31A722CBD41D900271258 /* ChatGroupsManagerProtocol.swift in Sources */,
				B5754AFE2C8E44220010B5F5 /* ProfileView.swift in Sources */,
				B583C47D2C945F3300D1E004 /* ContactViewModel.swift in Sources */,
				B54ED3432CB8183F00B84954 /* ContactRelations.swift in Sources */,
				B5A31A7C2CBE7D5400271258 /* ChatView.swift in Sources */,
				B5A31A742CBD484000271258 /* FirebaseChatGroupsManager.swift in Sources */,
				B54ED3212C9C8EAA00B84954 /* FirebaseProfileManager.swift in Sources */,
				B583C4A52C98393C00D1E004 /* AuthManager.swift in Sources */,
				B5A31A862CD11FF900271258 /* DeepLTranslationManager.swift in Sources */,
				B5A31A7E2CBE7D6C00271258 /* ChatViewModel.swift in Sources */,
				B53E95A12C9C6E8A003D89B1 /* ProfileManagerProtocol.swift in Sources */,
				B5A31A842CC2573300271258 /* AddChatGroupSheet.swift in Sources */,
				B54ED3342CA6AF6900B84954 /* FirebaseContactManager.swift in Sources */,
				B54ED3322CA301B400B84954 /* ContactRequest.swift in Sources */,
				B54ED3362CA6AF9900B84954 /* ContactManagerProtocol.swift in Sources */,
				B5A31A762CBD4BC600271258 /* MessagesManagerProtocol.swift in Sources */,
				B53E959F2C9C6206003D89B1 /* Contact.swift in Sources */,
				B583C47F2C945F4400D1E004 /* ChatGroupsViewModel.swift in Sources */,
				B583C49F2C957CA500D1E004 /* ContentView.swift in Sources */,
				B583C4782C94576700D1E004 /* ChatGroupsView.swift in Sources */,
				B5754AEB2C8E36870010B5F5 /* AuthServiceManager.swift in Sources */,
				B583C4742C9453A200D1E004 /* ContactView.swift in Sources */,
				B54ED33D2CB40ABB00B84954 /* FirebaseStorageManager.swift in Sources */,
				B583C4722C9445DF00D1E004 /* AuthViewModel.swift in Sources */,
				B5A31A702CBD3D1C00271258 /* Message.swift in Sources */,
				B5754AD92C8E25FF0010B5F5 /* AuthenticationView.swift in Sources */,
				B5A31A782CBD502400271258 /* FirebaseMessagesManager.swift in Sources */,
				B5A31A6E2CBD3A1900271258 /* ChatGroup.swift in Sources */,
				B5754AD72C8E25FF0010B5F5 /* GlobetrotterChatApp.swift in Sources */,
				B5754B002C8E45240010B5F5 /* ProfileViewModel.swift in Sources */,
			);
			runOnlyForDeploymentPostprocessing = 0;
		};
/* End PBXSourcesBuildPhase section */

/* Begin XCBuildConfiguration section */
		B5754ADF2C8E26000010B5F5 /* Debug */ = {
			isa = XCBuildConfiguration;
			buildSettings = {
				ALWAYS_SEARCH_USER_PATHS = NO;
				ASSETCATALOG_COMPILER_GENERATE_SWIFT_ASSET_SYMBOL_EXTENSIONS = YES;
				CLANG_ANALYZER_NONNULL = YES;
				CLANG_ANALYZER_NUMBER_OBJECT_CONVERSION = YES_AGGRESSIVE;
				CLANG_CXX_LANGUAGE_STANDARD = "gnu++20";
				CLANG_ENABLE_MODULES = YES;
				CLANG_ENABLE_OBJC_ARC = YES;
				CLANG_ENABLE_OBJC_WEAK = YES;
				CLANG_WARN_BLOCK_CAPTURE_AUTORELEASING = YES;
				CLANG_WARN_BOOL_CONVERSION = YES;
				CLANG_WARN_COMMA = YES;
				CLANG_WARN_CONSTANT_CONVERSION = YES;
				CLANG_WARN_DEPRECATED_OBJC_IMPLEMENTATIONS = YES;
				CLANG_WARN_DIRECT_OBJC_ISA_USAGE = YES_ERROR;
				CLANG_WARN_DOCUMENTATION_COMMENTS = YES;
				CLANG_WARN_EMPTY_BODY = YES;
				CLANG_WARN_ENUM_CONVERSION = YES;
				CLANG_WARN_INFINITE_RECURSION = YES;
				CLANG_WARN_INT_CONVERSION = YES;
				CLANG_WARN_NON_LITERAL_NULL_CONVERSION = YES;
				CLANG_WARN_OBJC_IMPLICIT_RETAIN_SELF = YES;
				CLANG_WARN_OBJC_LITERAL_CONVERSION = YES;
				CLANG_WARN_OBJC_ROOT_CLASS = YES_ERROR;
				CLANG_WARN_QUOTED_INCLUDE_IN_FRAMEWORK_HEADER = YES;
				CLANG_WARN_RANGE_LOOP_ANALYSIS = YES;
				CLANG_WARN_STRICT_PROTOTYPES = YES;
				CLANG_WARN_SUSPICIOUS_MOVE = YES;
				CLANG_WARN_UNGUARDED_AVAILABILITY = YES_AGGRESSIVE;
				CLANG_WARN_UNREACHABLE_CODE = YES;
				CLANG_WARN__DUPLICATE_METHOD_MATCH = YES;
				COPY_PHASE_STRIP = NO;
				DEBUG_INFORMATION_FORMAT = dwarf;
				ENABLE_STRICT_OBJC_MSGSEND = YES;
				ENABLE_TESTABILITY = YES;
				ENABLE_USER_SCRIPT_SANDBOXING = YES;
				GCC_C_LANGUAGE_STANDARD = gnu17;
				GCC_DYNAMIC_NO_PIC = NO;
				GCC_NO_COMMON_BLOCKS = YES;
				GCC_OPTIMIZATION_LEVEL = 0;
				GCC_PREPROCESSOR_DEFINITIONS = (
					"DEBUG=1",
					"$(inherited)",
				);
				GCC_WARN_64_TO_32_BIT_CONVERSION = YES;
				GCC_WARN_ABOUT_RETURN_TYPE = YES_ERROR;
				GCC_WARN_UNDECLARED_SELECTOR = YES;
				GCC_WARN_UNINITIALIZED_AUTOS = YES_AGGRESSIVE;
				GCC_WARN_UNUSED_FUNCTION = YES;
				GCC_WARN_UNUSED_VARIABLE = YES;
				IPHONEOS_DEPLOYMENT_TARGET = 17.5;
				LOCALIZATION_PREFERS_STRING_CATALOGS = YES;
				MTL_ENABLE_DEBUG_INFO = INCLUDE_SOURCE;
				MTL_FAST_MATH = YES;
				ONLY_ACTIVE_ARCH = YES;
				SDKROOT = iphoneos;
				SWIFT_ACTIVE_COMPILATION_CONDITIONS = "DEBUG $(inherited)";
				SWIFT_OPTIMIZATION_LEVEL = "-Onone";
			};
			name = Debug;
		};
		B5754AE02C8E26000010B5F5 /* Release */ = {
			isa = XCBuildConfiguration;
			buildSettings = {
				ALWAYS_SEARCH_USER_PATHS = NO;
				ASSETCATALOG_COMPILER_GENERATE_SWIFT_ASSET_SYMBOL_EXTENSIONS = YES;
				CLANG_ANALYZER_NONNULL = YES;
				CLANG_ANALYZER_NUMBER_OBJECT_CONVERSION = YES_AGGRESSIVE;
				CLANG_CXX_LANGUAGE_STANDARD = "gnu++20";
				CLANG_ENABLE_MODULES = YES;
				CLANG_ENABLE_OBJC_ARC = YES;
				CLANG_ENABLE_OBJC_WEAK = YES;
				CLANG_WARN_BLOCK_CAPTURE_AUTORELEASING = YES;
				CLANG_WARN_BOOL_CONVERSION = YES;
				CLANG_WARN_COMMA = YES;
				CLANG_WARN_CONSTANT_CONVERSION = YES;
				CLANG_WARN_DEPRECATED_OBJC_IMPLEMENTATIONS = YES;
				CLANG_WARN_DIRECT_OBJC_ISA_USAGE = YES_ERROR;
				CLANG_WARN_DOCUMENTATION_COMMENTS = YES;
				CLANG_WARN_EMPTY_BODY = YES;
				CLANG_WARN_ENUM_CONVERSION = YES;
				CLANG_WARN_INFINITE_RECURSION = YES;
				CLANG_WARN_INT_CONVERSION = YES;
				CLANG_WARN_NON_LITERAL_NULL_CONVERSION = YES;
				CLANG_WARN_OBJC_IMPLICIT_RETAIN_SELF = YES;
				CLANG_WARN_OBJC_LITERAL_CONVERSION = YES;
				CLANG_WARN_OBJC_ROOT_CLASS = YES_ERROR;
				CLANG_WARN_QUOTED_INCLUDE_IN_FRAMEWORK_HEADER = YES;
				CLANG_WARN_RANGE_LOOP_ANALYSIS = YES;
				CLANG_WARN_STRICT_PROTOTYPES = YES;
				CLANG_WARN_SUSPICIOUS_MOVE = YES;
				CLANG_WARN_UNGUARDED_AVAILABILITY = YES_AGGRESSIVE;
				CLANG_WARN_UNREACHABLE_CODE = YES;
				CLANG_WARN__DUPLICATE_METHOD_MATCH = YES;
				COPY_PHASE_STRIP = NO;
				DEBUG_INFORMATION_FORMAT = "dwarf-with-dsym";
				ENABLE_NS_ASSERTIONS = NO;
				ENABLE_STRICT_OBJC_MSGSEND = YES;
				ENABLE_USER_SCRIPT_SANDBOXING = YES;
				GCC_C_LANGUAGE_STANDARD = gnu17;
				GCC_NO_COMMON_BLOCKS = YES;
				GCC_WARN_64_TO_32_BIT_CONVERSION = YES;
				GCC_WARN_ABOUT_RETURN_TYPE = YES_ERROR;
				GCC_WARN_UNDECLARED_SELECTOR = YES;
				GCC_WARN_UNINITIALIZED_AUTOS = YES_AGGRESSIVE;
				GCC_WARN_UNUSED_FUNCTION = YES;
				GCC_WARN_UNUSED_VARIABLE = YES;
				IPHONEOS_DEPLOYMENT_TARGET = 17.5;
				LOCALIZATION_PREFERS_STRING_CATALOGS = YES;
				MTL_ENABLE_DEBUG_INFO = NO;
				MTL_FAST_MATH = YES;
				SDKROOT = iphoneos;
				SWIFT_COMPILATION_MODE = wholemodule;
				VALIDATE_PRODUCT = YES;
			};
			name = Release;
		};
		B5754AE22C8E26000010B5F5 /* Debug */ = {
			isa = XCBuildConfiguration;
			buildSettings = {
				ASSETCATALOG_COMPILER_APPICON_NAME = AppIcon;
				ASSETCATALOG_COMPILER_GLOBAL_ACCENT_COLOR_NAME = AccentColor;
				CODE_SIGN_STYLE = Automatic;
				CURRENT_PROJECT_VERSION = 1;
				DEVELOPMENT_ASSET_PATHS = "\"GlobetrotterChat/Preview Content\"";
				DEVELOPMENT_TEAM = HPN793TN93;
				ENABLE_PREVIEWS = YES;
				GENERATE_INFOPLIST_FILE = YES;
				INFOPLIST_KEY_UIApplicationSceneManifest_Generation = YES;
				INFOPLIST_KEY_UIApplicationSupportsIndirectInputEvents = YES;
				INFOPLIST_KEY_UILaunchScreen_Generation = YES;
				INFOPLIST_KEY_UISupportedInterfaceOrientations_iPad = "UIInterfaceOrientationPortrait UIInterfaceOrientationPortraitUpsideDown UIInterfaceOrientationLandscapeLeft UIInterfaceOrientationLandscapeRight";
				INFOPLIST_KEY_UISupportedInterfaceOrientations_iPhone = "UIInterfaceOrientationPortrait UIInterfaceOrientationLandscapeLeft UIInterfaceOrientationLandscapeRight";
				LD_RUNPATH_SEARCH_PATHS = (
					"$(inherited)",
					"@executable_path/Frameworks",
				);
				MARKETING_VERSION = 1.0;
				PRODUCT_BUNDLE_IDENTIFIER = de.IOS.GlobetrotterChat;
				PRODUCT_NAME = "$(TARGET_NAME)";
				SUPPORTED_PLATFORMS = "iphoneos iphonesimulator";
				SUPPORTS_MACCATALYST = NO;
				SUPPORTS_MAC_DESIGNED_FOR_IPHONE_IPAD = NO;
				SUPPORTS_XR_DESIGNED_FOR_IPHONE_IPAD = NO;
				SWIFT_EMIT_LOC_STRINGS = YES;
				SWIFT_VERSION = 5.0;
				TARGETED_DEVICE_FAMILY = 1;
			};
			name = Debug;
		};
		B5754AE32C8E26000010B5F5 /* Release */ = {
			isa = XCBuildConfiguration;
			buildSettings = {
				ASSETCATALOG_COMPILER_APPICON_NAME = AppIcon;
				ASSETCATALOG_COMPILER_GLOBAL_ACCENT_COLOR_NAME = AccentColor;
				CODE_SIGN_STYLE = Automatic;
				CURRENT_PROJECT_VERSION = 1;
				DEVELOPMENT_ASSET_PATHS = "\"GlobetrotterChat/Preview Content\"";
				DEVELOPMENT_TEAM = HPN793TN93;
				ENABLE_PREVIEWS = YES;
				GENERATE_INFOPLIST_FILE = YES;
				INFOPLIST_KEY_UIApplicationSceneManifest_Generation = YES;
				INFOPLIST_KEY_UIApplicationSupportsIndirectInputEvents = YES;
				INFOPLIST_KEY_UILaunchScreen_Generation = YES;
				INFOPLIST_KEY_UISupportedInterfaceOrientations_iPad = "UIInterfaceOrientationPortrait UIInterfaceOrientationPortraitUpsideDown UIInterfaceOrientationLandscapeLeft UIInterfaceOrientationLandscapeRight";
				INFOPLIST_KEY_UISupportedInterfaceOrientations_iPhone = "UIInterfaceOrientationPortrait UIInterfaceOrientationLandscapeLeft UIInterfaceOrientationLandscapeRight";
				LD_RUNPATH_SEARCH_PATHS = (
					"$(inherited)",
					"@executable_path/Frameworks",
				);
				MARKETING_VERSION = 1.0;
				PRODUCT_BUNDLE_IDENTIFIER = de.IOS.GlobetrotterChat;
				PRODUCT_NAME = "$(TARGET_NAME)";
				SUPPORTED_PLATFORMS = "iphoneos iphonesimulator";
				SUPPORTS_MACCATALYST = NO;
				SUPPORTS_MAC_DESIGNED_FOR_IPHONE_IPAD = NO;
				SUPPORTS_XR_DESIGNED_FOR_IPHONE_IPAD = NO;
				SWIFT_EMIT_LOC_STRINGS = YES;
				SWIFT_VERSION = 5.0;
				TARGETED_DEVICE_FAMILY = 1;
			};
			name = Release;
		};
/* End XCBuildConfiguration section */

/* Begin XCConfigurationList section */
		B5754ACE2C8E25FF0010B5F5 /* Build configuration list for PBXProject "GlobetrotterChat" */ = {
			isa = XCConfigurationList;
			buildConfigurations = (
				B5754ADF2C8E26000010B5F5 /* Debug */,
				B5754AE02C8E26000010B5F5 /* Release */,
			);
			defaultConfigurationIsVisible = 0;
			defaultConfigurationName = Release;
		};
		B5754AE12C8E26000010B5F5 /* Build configuration list for PBXNativeTarget "GlobetrotterChat" */ = {
			isa = XCConfigurationList;
			buildConfigurations = (
				B5754AE22C8E26000010B5F5 /* Debug */,
				B5754AE32C8E26000010B5F5 /* Release */,
			);
			defaultConfigurationIsVisible = 0;
			defaultConfigurationName = Release;
		};
/* End XCConfigurationList section */

/* Begin XCRemoteSwiftPackageReference section */
		B5754AEC2C8E372B0010B5F5 /* XCRemoteSwiftPackageReference "firebase-ios-sdk" */ = {
			isa = XCRemoteSwiftPackageReference;
			repositoryURL = "https://github.com/firebase/firebase-ios-sdk";
			requirement = {
				kind = upToNextMajorVersion;
				minimumVersion = 11.1.0;
			};
		};
/* End XCRemoteSwiftPackageReference section */

/* Begin XCSwiftPackageProductDependency section */
		B5754AED2C8E372B0010B5F5 /* FirebaseAuth */ = {
			isa = XCSwiftPackageProductDependency;
			package = B5754AEC2C8E372B0010B5F5 /* XCRemoteSwiftPackageReference "firebase-ios-sdk" */;
			productName = FirebaseAuth;
		};
		B5754AEF2C8E372B0010B5F5 /* FirebaseAuthCombine-Community */ = {
			isa = XCSwiftPackageProductDependency;
			package = B5754AEC2C8E372B0010B5F5 /* XCRemoteSwiftPackageReference "firebase-ios-sdk" */;
			productName = "FirebaseAuthCombine-Community";
		};
		B5754AF12C8E372B0010B5F5 /* FirebaseDatabase */ = {
			isa = XCSwiftPackageProductDependency;
			package = B5754AEC2C8E372B0010B5F5 /* XCRemoteSwiftPackageReference "firebase-ios-sdk" */;
			productName = FirebaseDatabase;
		};
		B5754AF32C8E372B0010B5F5 /* FirebaseFirestore */ = {
			isa = XCSwiftPackageProductDependency;
			package = B5754AEC2C8E372B0010B5F5 /* XCRemoteSwiftPackageReference "firebase-ios-sdk" */;
			productName = FirebaseFirestore;
		};
		B5754AF52C8E372B0010B5F5 /* FirebaseFirestoreCombine-Community */ = {
			isa = XCSwiftPackageProductDependency;
			package = B5754AEC2C8E372B0010B5F5 /* XCRemoteSwiftPackageReference "firebase-ios-sdk" */;
			productName = "FirebaseFirestoreCombine-Community";
		};
		B5754AF72C8E372B0010B5F5 /* FirebaseStorage */ = {
			isa = XCSwiftPackageProductDependency;
			package = B5754AEC2C8E372B0010B5F5 /* XCRemoteSwiftPackageReference "firebase-ios-sdk" */;
			productName = FirebaseStorage;
		};
		B5754AF92C8E372B0010B5F5 /* FirebaseStorageCombine-Community */ = {
			isa = XCSwiftPackageProductDependency;
			package = B5754AEC2C8E372B0010B5F5 /* XCRemoteSwiftPackageReference "firebase-ios-sdk" */;
			productName = "FirebaseStorageCombine-Community";
		};
/* End XCSwiftPackageProductDependency section */
	};
	rootObject = B5754ACB2C8E25FF0010B5F5 /* Project object */;
}
